
Microsoft Visual Studio Solution File, Format Version 12.00
# Visual Studio 15
Project("{FAE04EC0-301F-11D3-BF4B-00C04F79EFBC}") = "Assembly-CSharp", "Assembly-CSharp.csproj", "{35D1D58E-6AF3-D709-9F26-D3C09373411B}"
EndProject
Project("{FAE04EC0-301F-11D3-BF4B-00C04F79EFBC}") = "UniGLTF", "UniGLTF.csproj", "{BB76C915-2B02-E597-D79C-7BD4F1D25637}"
EndProject
Project("{FAE04EC0-301F-11D3-BF4B-00C04F79EFBC}") = "VRMShaders.GLTF.IO.Runtime", "VRMShaders.GLTF.IO.Runtime.csproj", "{E06B8357-C795-C56D-E1DC-7BB4D0411875}"
EndProject
Project("{FAE04EC0-301F-11D3-BF4B-00C04F79EFBC}") = "VRMShaders.VRM10.MToon10.Runtime", "VRMShaders.VRM10.MToon10.Runtime.csproj", "{F32CFFC0-10AF-0248-AA37-E5B5867BCF45}"
EndProject
Project("{FAE04EC0-301F-11D3-BF4B-00C04F79EFBC}") = "VRM10", "VRM10.csproj", "{2193BBCF-379F-26E7-1E5A-7AE3C3D1EF5D}"
EndProject
Project("{FAE04EC0-301F-11D3-BF4B-00C04F79EFBC}") = "UniHumanoid", "UniHumanoid.csproj", "{01E6D4F6-282A-9F7A-8ED8-B2DCACD6B99C}"
EndProject
Project("{FAE04EC0-301F-11D3-BF4B-00C04F79EFBC}") = "MToon", "MToon.csproj", "{DA209AD1-2333-16BC-E38A-EA4168A01045}"
EndProject
Project("{FAE04EC0-301F-11D3-BF4B-00C04F79EFBC}") = "FastSpringBone10", "FastSpringBone10.csproj", "{49EF6D96-2566-5C8A-53EE-CA524F46A5AC}"
EndProject
Project("{FAE04EC0-301F-11D3-BF4B-00C04F79EFBC}") = "VrmLib", "VrmLib.csproj", "{4DC5CA83-09EA-9866-6C53-656916768083}"
EndProject
Project("{FAE04EC0-301F-11D3-BF4B-00C04F79EFBC}") = "VRMShaders.VRM10.Format.Runtime", "VRMShaders.VRM10.Format.Runtime.csproj", "{E795BBB0-9945-3F71-1574-F54517260C19}"
EndProject
Project("{FAE04EC0-301F-11D3-BF4B-00C04F79EFBC}") = "UniGLTF.Utils", "UniGLTF.Utils.csproj", "{86496279-1802-696C-98B9-17B8EE3B6A6B}"
EndProject
Project("{FAE04EC0-301F-11D3-BF4B-00C04F79EFBC}") = "VRMShaders.GLTF.UniUnlit.Runtime", "VRMShaders.GLTF.UniUnlit.Runtime.csproj", "{BC8A31AF-BEE6-D6DE-05FC-81AA2C4FE1DA}"
EndProject
Project("{FAE04EC0-301F-11D3-BF4B-00C04F79EFBC}") = "UniGLTF.Samples.ScreenSpace", "UniGLTF.Samples.ScreenSpace.csproj", "{B30E0915-33ED-2CCD-B8BC-D4AD0961B6F6}"
EndProject
Project("{FAE04EC0-301F-11D3-BF4B-00C04F79EFBC}") = "VRM10.Tests.PlayMode", "VRM10.Tests.PlayMode.csproj", "{69D740BB-42C5-D9FE-91D8-6A30D01EA287}"
EndProject
Project("{FAE04EC0-301F-11D3-BF4B-00C04F79EFBC}") = "VRMShaders.VRM.IO.Runtime", "VRMShaders.VRM.IO.Runtime.csproj", "{6DC12265-5C0E-B57F-4236-4415D531FFD7}"
EndProject
Project("{FAE04EC0-301F-11D3-BF4B-00C04F79EFBC}") = "VRM10.Editor", "VRM10.Editor.csproj", "{272D77D9-9D79-FFF8-CF27-03A0F26CC0E2}"
EndProject
Project("{FAE04EC0-301F-11D3-BF4B-00C04F79EFBC}") = "VRMShaders.GLTF.IO.Tests", "VRMShaders.GLTF.IO.Tests.csproj", "{FACCD842-FD62-80DC-AC1D-FD74DDB059D9}"
EndProject
Project("{FAE04EC0-301F-11D3-BF4B-00C04F79EFBC}") = "UniGLTF.Editor", "UniGLTF.Editor.csproj", "{94A0D2D3-57FE-D159-4E2B-3F6E056364BD}"
EndProject
Project("{FAE04EC0-301F-11D3-BF4B-00C04F79EFBC}") = "UniGLTF.Tests", "UniGLTF.Tests.csproj", "{4A09EA90-8708-D15C-0203-A1B44023F193}"
EndProject
Project("{FAE04EC0-301F-11D3-BF4B-00C04F79EFBC}") = "VrmLibTests", "VrmLibTests.csproj", "{8811BD92-F75C-0562-D1D0-3E7190ECB258}"
EndProject
Project("{FAE04EC0-301F-11D3-BF4B-00C04F79EFBC}") = "VRMShaders.GLTF.UniUnlit.Editor", "VRMShaders.GLTF.UniUnlit.Editor.csproj", "{6623BF06-703B-2405-298D-96A5485CFE2A}"
EndProject
Project("{FAE04EC0-301F-11D3-BF4B-00C04F79EFBC}") = "VRM10.Tests", "VRM10.Tests.csproj", "{53CF0F09-3354-2BD3-FF99-7309D45E6218}"
EndProject
Project("{FAE04EC0-301F-11D3-BF4B-00C04F79EFBC}") = "UniHumanoid.Editor", "UniHumanoid.Editor.csproj", "{7A0A06BA-0CD4-735E-7902-CC92149531E4}"
EndProject
Project("{FAE04EC0-301F-11D3-BF4B-00C04F79EFBC}") = "VRMShaders.GLTF.IO.Editor", "VRMShaders.GLTF.IO.Editor.csproj", "{76DF69E4-CFFE-A5FA-FDDC-E9B87091BAB3}"
EndProject
Project("{FAE04EC0-301F-11D3-BF4B-00C04F79EFBC}") = "VRMShaders.VRM10.MToon10.Editor", "VRMShaders.VRM10.MToon10.Editor.csproj", "{147EB899-160A-FC90-773C-B99C40F5BBA8}"
EndProject
Project("{FAE04EC0-301F-11D3-BF4B-00C04F79EFBC}") = "VRMShaders.VRM10.MToon10.Tests", "VRMShaders.VRM10.MToon10.Tests.csproj", "{F67B57E2-BD07-303F-E146-2082D156006F}"
EndProject
Project("{FAE04EC0-301F-11D3-BF4B-00C04F79EFBC}") = "UniHumanoid.Editor.Tests", "UniHumanoid.Editor.Tests.csproj", "{65838936-CD16-8E8D-1196-95DF35E30E1D}"
EndProject
Project("{FAE04EC0-301F-11D3-BF4B-00C04F79EFBC}") = "MToon.Editor", "MToon.Editor.csproj", "{87164CE0-ECBD-31F9-922B-632526B46E62}"
EndProject
Global
	GlobalSection(SolutionConfigurationPlatforms) = preSolution
		Debug|Any CPU = Debug|Any CPU
		Release|Any CPU = Release|Any CPU
	EndGlobalSection
	GlobalSection(ProjectConfigurationPlatforms) = postSolution
		{35D1D58E-6AF3-D709-9F26-D3C09373411B}.Debug|Any CPU.ActiveCfg = Debug|Any CPU
		{35D1D58E-6AF3-D709-9F26-D3C09373411B}.Debug|Any CPU.Build.0 = Debug|Any CPU
		{35D1D58E-6AF3-D709-9F26-D3C09373411B}.Release|Any CPU.ActiveCfg = Release|Any CPU
		{35D1D58E-6AF3-D709-9F26-D3C09373411B}.Release|Any CPU.Build.0 = Release|Any CPU
		{BB76C915-2B02-E597-D79C-7BD4F1D25637}.Debug|Any CPU.ActiveCfg = Debug|Any CPU
		{BB76C915-2B02-E597-D79C-7BD4F1D25637}.Debug|Any CPU.Build.0 = Debug|Any CPU
		{BB76C915-2B02-E597-D79C-7BD4F1D25637}.Release|Any CPU.ActiveCfg = Release|Any CPU
		{BB76C915-2B02-E597-D79C-7BD4F1D25637}.Release|Any CPU.Build.0 = Release|Any CPU
		{E06B8357-C795-C56D-E1DC-7BB4D0411875}.Debug|Any CPU.ActiveCfg = Debug|Any CPU
		{E06B8357-C795-C56D-E1DC-7BB4D0411875}.Debug|Any CPU.Build.0 = Debug|Any CPU
		{E06B8357-C795-C56D-E1DC-7BB4D0411875}.Release|Any CPU.ActiveCfg = Release|Any CPU
		{E06B8357-C795-C56D-E1DC-7BB4D0411875}.Release|Any CPU.Build.0 = Release|Any CPU
		{F32CFFC0-10AF-0248-AA37-E5B5867BCF45}.Debug|Any CPU.ActiveCfg = Debug|Any CPU
		{F32CFFC0-10AF-0248-AA37-E5B5867BCF45}.Debug|Any CPU.Build.0 = Debug|Any CPU
		{F32CFFC0-10AF-0248-AA37-E5B5867BCF45}.Release|Any CPU.ActiveCfg = Release|Any CPU
		{F32CFFC0-10AF-0248-AA37-E5B5867BCF45}.Release|Any CPU.Build.0 = Release|Any CPU
		{2193BBCF-379F-26E7-1E5A-7AE3C3D1EF5D}.Debug|Any CPU.ActiveCfg = Debug|Any CPU
		{2193BBCF-379F-26E7-1E5A-7AE3C3D1EF5D}.Debug|Any CPU.Build.0 = Debug|Any CPU
		{2193BBCF-379F-26E7-1E5A-7AE3C3D1EF5D}.Release|Any CPU.ActiveCfg = Release|Any CPU
		{2193BBCF-379F-26E7-1E5A-7AE3C3D1EF5D}.Release|Any CPU.Build.0 = Release|Any CPU
		{01E6D4F6-282A-9F7A-8ED8-B2DCACD6B99C}.Debug|Any CPU.ActiveCfg = Debug|Any CPU
		{01E6D4F6-282A-9F7A-8ED8-B2DCACD6B99C}.Debug|Any CPU.Build.0 = Debug|Any CPU
		{01E6D4F6-282A-9F7A-8ED8-B2DCACD6B99C}.Release|Any CPU.ActiveCfg = Release|Any CPU
		{01E6D4F6-282A-9F7A-8ED8-B2DCACD6B99C}.Release|Any CPU.Build.0 = Release|Any CPU
		{DA209AD1-2333-16BC-E38A-EA4168A01045}.Debug|Any CPU.ActiveCfg = Debug|Any CPU
		{DA209AD1-2333-16BC-E38A-EA4168A01045}.Debug|Any CPU.Build.0 = Debug|Any CPU
		{DA209AD1-2333-16BC-E38A-EA4168A01045}.Release|Any CPU.ActiveCfg = Release|Any CPU
		{DA209AD1-2333-16BC-E38A-EA4168A01045}.Release|Any CPU.Build.0 = Release|Any CPU
		{49EF6D96-2566-5C8A-53EE-CA524F46A5AC}.Debug|Any CPU.ActiveCfg = Debug|Any CPU
		{49EF6D96-2566-5C8A-53EE-CA524F46A5AC}.Debug|Any CPU.Build.0 = Debug|Any CPU
		{49EF6D96-2566-5C8A-53EE-CA524F46A5AC}.Release|Any CPU.ActiveCfg = Release|Any CPU
		{49EF6D96-2566-5C8A-53EE-CA524F46A5AC}.Release|Any CPU.Build.0 = Release|Any CPU
		{4DC5CA83-09EA-9866-6C53-656916768083}.Debug|Any CPU.ActiveCfg = Debug|Any CPU
		{4DC5CA83-09EA-9866-6C53-656916768083}.Debug|Any CPU.Build.0 = Debug|Any CPU
		{4DC5CA83-09EA-9866-6C53-656916768083}.Release|Any CPU.ActiveCfg = Release|Any CPU
		{4DC5CA83-09EA-9866-6C53-656916768083}.Release|Any CPU.Build.0 = Release|Any CPU
		{E795BBB0-9945-3F71-1574-F54517260C19}.Debug|Any CPU.ActiveCfg = Debug|Any CPU
		{E795BBB0-9945-3F71-1574-F54517260C19}.Debug|Any CPU.Build.0 = Debug|Any CPU
		{E795BBB0-9945-3F71-1574-F54517260C19}.Release|Any CPU.ActiveCfg = Release|Any CPU
		{E795BBB0-9945-3F71-1574-F54517260C19}.Release|Any CPU.Build.0 = Release|Any CPU
		{86496279-1802-696C-98B9-17B8EE3B6A6B}.Debug|Any CPU.ActiveCfg = Debug|Any CPU
		{86496279-1802-696C-98B9-17B8EE3B6A6B}.Debug|Any CPU.Build.0 = Debug|Any CPU
		{86496279-1802-696C-98B9-17B8EE3B6A6B}.Release|Any CPU.ActiveCfg = Release|Any CPU
		{86496279-1802-696C-98B9-17B8EE3B6A6B}.Release|Any CPU.Build.0 = Release|Any CPU
		{BC8A31AF-BEE6-D6DE-05FC-81AA2C4FE1DA}.Debug|Any CPU.ActiveCfg = Debug|Any CPU
		{BC8A31AF-BEE6-D6DE-05FC-81AA2C4FE1DA}.Debug|Any CPU.Build.0 = Debug|Any CPU
		{BC8A31AF-BEE6-D6DE-05FC-81AA2C4FE1DA}.Release|Any CPU.ActiveCfg = Release|Any CPU
		{BC8A31AF-BEE6-D6DE-05FC-81AA2C4FE1DA}.Release|Any CPU.Build.0 = Release|Any CPU
		{B30E0915-33ED-2CCD-B8BC-D4AD0961B6F6}.Debug|Any CPU.ActiveCfg = Debug|Any CPU
		{B30E0915-33ED-2CCD-B8BC-D4AD0961B6F6}.Debug|Any CPU.Build.0 = Debug|Any CPU
		{B30E0915-33ED-2CCD-B8BC-D4AD0961B6F6}.Release|Any CPU.ActiveCfg = Release|Any CPU
		{B30E0915-33ED-2CCD-B8BC-D4AD0961B6F6}.Release|Any CPU.Build.0 = Release|Any CPU
		{69D740BB-42C5-D9FE-91D8-6A30D01EA287}.Debug|Any CPU.ActiveCfg = Debug|Any CPU
		{69D740BB-42C5-D9FE-91D8-6A30D01EA287}.Debug|Any CPU.Build.0 = Debug|Any CPU
		{69D740BB-42C5-D9FE-91D8-6A30D01EA287}.Release|Any CPU.ActiveCfg = Release|Any CPU
		{69D740BB-42C5-D9FE-91D8-6A30D01EA287}.Release|Any CPU.Build.0 = Release|Any CPU
		{6DC12265-5C0E-B57F-4236-4415D531FFD7}.Debug|Any CPU.ActiveCfg = Debug|Any CPU
		{6DC12265-5C0E-B57F-4236-4415D531FFD7}.Debug|Any CPU.Build.0 = Debug|Any CPU
		{6DC12265-5C0E-B57F-4236-4415D531FFD7}.Release|Any CPU.ActiveCfg = Release|Any CPU
		{6DC12265-5C0E-B57F-4236-4415D531FFD7}.Release|Any CPU.Build.0 = Release|Any CPU
		{272D77D9-9D79-FFF8-CF27-03A0F26CC0E2}.Debug|Any CPU.ActiveCfg = Debug|Any CPU
		{272D77D9-9D79-FFF8-CF27-03A0F26CC0E2}.Debug|Any CPU.Build.0 = Debug|Any CPU
		{272D77D9-9D79-FFF8-CF27-03A0F26CC0E2}.Release|Any CPU.ActiveCfg = Release|Any CPU
		{272D77D9-9D79-FFF8-CF27-03A0F26CC0E2}.Release|Any CPU.Build.0 = Release|Any CPU
		{FACCD842-FD62-80DC-AC1D-FD74DDB059D9}.Debug|Any CPU.ActiveCfg = Debug|Any CPU
		{FACCD842-FD62-80DC-AC1D-FD74DDB059D9}.Debug|Any CPU.Build.0 = Debug|Any CPU
		{FACCD842-FD62-80DC-AC1D-FD74DDB059D9}.Release|Any CPU.ActiveCfg = Release|Any CPU
		{FACCD842-FD62-80DC-AC1D-FD74DDB059D9}.Release|Any CPU.Build.0 = Release|Any CPU
		{94A0D2D3-57FE-D159-4E2B-3F6E056364BD}.Debug|Any CPU.ActiveCfg = Debug|Any CPU
		{94A0D2D3-57FE-D159-4E2B-3F6E056364BD}.Debug|Any CPU.Build.0 = Debug|Any CPU
		{94A0D2D3-57FE-D159-4E2B-3F6E056364BD}.Release|Any CPU.ActiveCfg = Release|Any CPU
		{94A0D2D3-57FE-D159-4E2B-3F6E056364BD}.Release|Any CPU.Build.0 = Release|Any CPU
		{4A09EA90-8708-D15C-0203-A1B44023F193}.Debug|Any CPU.ActiveCfg = Debug|Any CPU
		{4A09EA90-8708-D15C-0203-A1B44023F193}.Debug|Any CPU.Build.0 = Debug|Any CPU
		{4A09EA90-8708-D15C-0203-A1B44023F193}.Release|Any CPU.ActiveCfg = Release|Any CPU
		{4A09EA90-8708-D15C-0203-A1B44023F193}.Release|Any CPU.Build.0 = Release|Any CPU
		{8811BD92-F75C-0562-D1D0-3E7190ECB258}.Debug|Any CPU.ActiveCfg = Debug|Any CPU
		{8811BD92-F75C-0562-D1D0-3E7190ECB258}.Debug|Any CPU.Build.0 = Debug|Any CPU
		{8811BD92-F75C-0562-D1D0-3E7190ECB258}.Release|Any CPU.ActiveCfg = Release|Any CPU
		{8811BD92-F75C-0562-D1D0-3E7190ECB258}.Release|Any CPU.Build.0 = Release|Any CPU
		{6623BF06-703B-2405-298D-96A5485CFE2A}.Debug|Any CPU.ActiveCfg = Debug|Any CPU
		{6623BF06-703B-2405-298D-96A5485CFE2A}.Debug|Any CPU.Build.0 = Debug|Any CPU
		{6623BF06-703B-2405-298D-96A5485CFE2A}.Release|Any CPU.ActiveCfg = Release|Any CPU
		{6623BF06-703B-2405-298D-96A5485CFE2A}.Release|Any CPU.Build.0 = Release|Any CPU
		{53CF0F09-3354-2BD3-FF99-7309D45E6218}.Debug|Any CPU.ActiveCfg = Debug|Any CPU
		{53CF0F09-3354-2BD3-FF99-7309D45E6218}.Debug|Any CPU.Build.0 = Debug|Any CPU
		{53CF0F09-3354-2BD3-FF99-7309D45E6218}.Release|Any CPU.ActiveCfg = Release|Any CPU
		{53CF0F09-3354-2BD3-FF99-7309D45E6218}.Release|Any CPU.Build.0 = Release|Any CPU
		{7A0A06BA-0CD4-735E-7902-CC92149531E4}.Debug|Any CPU.ActiveCfg = Debug|Any CPU
		{7A0A06BA-0CD4-735E-7902-CC92149531E4}.Debug|Any CPU.Build.0 = Debug|Any CPU
		{7A0A06BA-0CD4-735E-7902-CC92149531E4}.Release|Any CPU.ActiveCfg = Release|Any CPU
		{7A0A06BA-0CD4-735E-7902-CC92149531E4}.Release|Any CPU.Build.0 = Release|Any CPU
		{76DF69E4-CFFE-A5FA-FDDC-E9B87091BAB3}.Debug|Any CPU.ActiveCfg = Debug|Any CPU
		{76DF69E4-CFFE-A5FA-FDDC-E9B87091BAB3}.Debug|Any CPU.Build.0 = Debug|Any CPU
		{76DF69E4-CFFE-A5FA-FDDC-E9B87091BAB3}.Release|Any CPU.ActiveCfg = Release|Any CPU
		{76DF69E4-CFFE-A5FA-FDDC-E9B87091BAB3}.Release|Any CPU.Build.0 = Release|Any CPU
		{147EB899-160A-FC90-773C-B99C40F5BBA8}.Debug|Any CPU.ActiveCfg = Debug|Any CPU
		{147EB899-160A-FC90-773C-B99C40F5BBA8}.Debug|Any CPU.Build.0 = Debug|Any CPU
		{147EB899-160A-FC90-773C-B99C40F5BBA8}.Release|Any CPU.ActiveCfg = Release|Any CPU
		{147EB899-160A-FC90-773C-B99C40F5BBA8}.Release|Any CPU.Build.0 = Release|Any CPU
		{F67B57E2-BD07-303F-E146-2082D156006F}.Debug|Any CPU.ActiveCfg = Debug|Any CPU
		{F67B57E2-BD07-303F-E146-2082D156006F}.Debug|Any CPU.Build.0 = Debug|Any CPU
		{F67B57E2-BD07-303F-E146-2082D156006F}.Release|Any CPU.ActiveCfg = Release|Any CPU
		{F67B57E2-BD07-303F-E146-2082D156006F}.Release|Any CPU.Build.0 = Release|Any CPU
		{65838936-CD16-8E8D-1196-95DF35E30E1D}.Debug|Any CPU.ActiveCfg = Debug|Any CPU
		{65838936-CD16-8E8D-1196-95DF35E30E1D}.Debug|Any CPU.Build.0 = Debug|Any CPU
		{65838936-CD16-8E8D-1196-95DF35E30E1D}.Release|Any CPU.ActiveCfg = Release|Any CPU
		{65838936-CD16-8E8D-1196-95DF35E30E1D}.Release|Any CPU.Build.0 = Release|Any CPU
		{87164CE0-ECBD-31F9-922B-632526B46E62}.Debug|Any CPU.ActiveCfg = Debug|Any CPU
		{87164CE0-ECBD-31F9-922B-632526B46E62}.Debug|Any CPU.Build.0 = Debug|Any CPU
		{87164CE0-ECBD-31F9-922B-632526B46E62}.Release|Any CPU.ActiveCfg = Release|Any CPU
		{87164CE0-ECBD-31F9-922B-632526B46E62}.Release|Any CPU.Build.0 = Release|Any CPU
	EndGlobalSection
	GlobalSection(SolutionProperties) = preSolution
		HideSolutionNode = FALSE
	EndGlobalSection
EndGlobal
